
Microsoft Visual Studio Solution File, Format Version 12.00
# Visual Studio Version 17
VisualStudioVersion = 17.9.34607.119
MinimumVisualStudioVersion = 10.0.40219.1
Project("{9A19103F-16F7-4668-BE54-9A1E7A4F7556}") = "GR30321.TrusN.UI", "GR30321.TrusN.UI\GR30321.TrusN.UI.csproj", "{AB5C8CEB-2A72-48E2-A116-7DDF92C8BCF9}"
EndProject
Project("{9A19103F-16F7-4668-BE54-9A1E7A4F7556}") = "GR30321.Domain", "GR30321.Domain\GR30321.Domain.csproj", "{1FECD93F-0F1B-47C9-8B05-DD5C85A6C1CB}"
EndProject
Project("{9A19103F-16F7-4668-BE54-9A1E7A4F7556}") = "GR30321.API", "GR30321.API\GR30321.API.csproj", "{1C9AF655-7B27-45D5-86B5-AC7F805DF988}"
EndProject
Project("{9A19103F-16F7-4668-BE54-9A1E7A4F7556}") = "GR30321.Tests", "GR30321.Tests\GR30321.Tests.csproj", "{01664F65-E475-43EF-A840-F87635037690}"
EndProject
Project("{FAE04EC0-301F-11D3-BF4B-00C04F79EFBC}") = "GR30321.Blazor", "GR30321.Blazor\GR30321.Blazor.csproj", "{B5B1415A-D1E1-4550-A029-5D34DB046075}"
EndProject
Global
	GlobalSection(SolutionConfigurationPlatforms) = preSolution
		Debug|Any CPU = Debug|Any CPU
		Release|Any CPU = Release|Any CPU
	EndGlobalSection
	GlobalSection(ProjectConfigurationPlatforms) = postSolution
		{AB5C8CEB-2A72-48E2-A116-7DDF92C8BCF9}.Debug|Any CPU.ActiveCfg = Debug|Any CPU
		{AB5C8CEB-2A72-48E2-A116-7DDF92C8BCF9}.Debug|Any CPU.Build.0 = Debug|Any CPU
		{AB5C8CEB-2A72-48E2-A116-7DDF92C8BCF9}.Release|Any CPU.ActiveCfg = Release|Any CPU
		{AB5C8CEB-2A72-48E2-A116-7DDF92C8BCF9}.Release|Any CPU.Build.0 = Release|Any CPU
		{1FECD93F-0F1B-47C9-8B05-DD5C85A6C1CB}.Debug|Any CPU.ActiveCfg = Debug|Any CPU
		{1FECD93F-0F1B-47C9-8B05-DD5C85A6C1CB}.Debug|Any CPU.Build.0 = Debug|Any CPU
		{1FECD93F-0F1B-47C9-8B05-DD5C85A6C1CB}.Release|Any CPU.ActiveCfg = Release|Any CPU
		{1FECD93F-0F1B-47C9-8B05-DD5C85A6C1CB}.Release|Any CPU.Build.0 = Release|Any CPU
		{1C9AF655-7B27-45D5-86B5-AC7F805DF988}.Debug|Any CPU.ActiveCfg = Debug|Any CPU
		{1C9AF655-7B27-45D5-86B5-AC7F805DF988}.Debug|Any CPU.Build.0 = Debug|Any CPU
		{1C9AF655-7B27-45D5-86B5-AC7F805DF988}.Release|Any CPU.ActiveCfg = Release|Any CPU
		{1C9AF655-7B27-45D5-86B5-AC7F805DF988}.Release|Any CPU.Build.0 = Release|Any CPU
		{01664F65-E475-43EF-A840-F87635037690}.Debug|Any CPU.ActiveCfg = Debug|Any CPU
		{01664F65-E475-43EF-A840-F87635037690}.Debug|Any CPU.Build.0 = Debug|Any CPU
		{01664F65-E475-43EF-A840-F87635037690}.Release|Any CPU.ActiveCfg = Release|Any CPU
		{01664F65-E475-43EF-A840-F87635037690}.Release|Any CPU.Build.0 = Release|Any CPU
		{B5B1415A-D1E1-4550-A029-5D34DB046075}.Debug|Any CPU.ActiveCfg = Debug|Any CPU
		{B5B1415A-D1E1-4550-A029-5D34DB046075}.Debug|Any CPU.Build.0 = Debug|Any CPU
		{B5B1415A-D1E1-4550-A029-5D34DB046075}.Release|Any CPU.ActiveCfg = Release|Any CPU
		{B5B1415A-D1E1-4550-A029-5D34DB046075}.Release|Any CPU.Build.0 = Release|Any CPU
	EndGlobalSection
	GlobalSection(SolutionProperties) = preSolution
		HideSolutionNode = FALSE
	EndGlobalSection
	GlobalSection(ExtensibilityGlobals) = postSolution
		SolutionGuid = {A5ED7107-2C80-43A5-8188-77C82181DB9C}
	EndGlobalSection
EndGlobal
